
Microsoft Visual Studio Solution File, Format Version 12.00
Project("{FAE04EC0-301F-11D3-BF4B-00C04F79EFBC}") = "CQRS", "CQRS\CQRS.csproj", "{F83F0B6A-C1F7-4177-9720-56A37BAAE4FC}"
EndProject
Global
	GlobalSection(SolutionConfigurationPlatforms) = preSolution
		Debug|Any CPU = Debug|Any CPU
		Release|Any CPU = Release|Any CPU
	EndGlobalSection
	GlobalSection(ProjectConfigurationPlatforms) = postSolution
		{F83F0B6A-C1F7-4177-9720-56A37BAAE4FC}.Debug|Any CPU.ActiveCfg = Debug|Any CPU
		{F83F0B6A-C1F7-4177-9720-56A37BAAE4FC}.Debug|Any CPU.Build.0 = Debug|Any CPU
		{F83F0B6A-C1F7-4177-9720-56A37BAAE4FC}.Release|Any CPU.ActiveCfg = Release|Any CPU
		{F83F0B6A-C1F7-4177-9720-56A37BAAE4FC}.Release|Any CPU.Build.0 = Release|Any CPU
	EndGlobalSection
EndGlobal
